
Microsoft Visual Studio Solution File, Format Version 12.00
# Visual Studio Version 16
VisualStudioVersion = 16.0.31829.152
MinimumVisualStudioVersion = 10.0.40219.1
Project("{FAE04EC0-301F-11D3-BF4B-00C04F79EFBC}") = "RadarGame.UI", "RadarGame.UI\RadarGame.UI.csproj", "{2B5104D7-7269-491B-A4B2-D43160727A39}"
EndProject
Project("{FAE04EC0-301F-11D3-BF4B-00C04F79EFBC}") = "RadarGame.Theme", "RadarGame.Theme\RadarGame.Theme.csproj", "{C88F4AA5-B221-460B-AD67-A45D946DFF97}"
EndProject
Global
	GlobalSection(SolutionConfigurationPlatforms) = preSolution
		Debug|Any CPU = Debug|Any CPU
		Release|Any CPU = Release|Any CPU
	EndGlobalSection
	GlobalSection(ProjectConfigurationPlatforms) = postSolution
		{2B5104D7-7269-491B-A4B2-D43160727A39}.Debug|Any CPU.ActiveCfg = Debug|Any CPU
		{2B5104D7-7269-491B-A4B2-D43160727A39}.Debug|Any CPU.Build.0 = Debug|Any CPU
		{2B5104D7-7269-491B-A4B2-D43160727A39}.Release|Any CPU.ActiveCfg = Release|Any CPU
		{2B5104D7-7269-491B-A4B2-D43160727A39}.Release|Any CPU.Build.0 = Release|Any CPU
		{C88F4AA5-B221-460B-AD67-A45D946DFF97}.Debug|Any CPU.ActiveCfg = Debug|Any CPU
		{C88F4AA5-B221-460B-AD67-A45D946DFF97}.Debug|Any CPU.Build.0 = Debug|Any CPU
		{C88F4AA5-B221-460B-AD67-A45D946DFF97}.Release|Any CPU.ActiveCfg = Release|Any CPU
		{C88F4AA5-B221-460B-AD67-A45D946DFF97}.Release|Any CPU.Build.0 = Release|Any CPU
	EndGlobalSection
	GlobalSection(SolutionProperties) = preSolution
		HideSolutionNode = FALSE
	EndGlobalSection
	GlobalSection(ExtensibilityGlobals) = postSolution
		SolutionGuid = {2273FE9A-D2A4-4447-9FEA-1B114C5522D3}
	EndGlobalSection
EndGlobal
